
Microsoft Visual Studio Solution File, Format Version 12.00
# Visual Studio 15
VisualStudioVersion = 15.0.27428.2005
MinimumVisualStudioVersion = 10.0.40219.1
Project("{FAE04EC0-301F-11D3-BF4B-00C04F79EFBC}") = "AlumniSystem", "AlumniSystem\AlumniSystem.csproj", "{CF1FC902-1DC8-4804-87FE-96CD5DC287BC}"
EndProject
Global
	GlobalSection(SolutionConfigurationPlatforms) = preSolution
		Debug|Any CPU = Debug|Any CPU
		Release|Any CPU = Release|Any CPU
	EndGlobalSection
	GlobalSection(ProjectConfigurationPlatforms) = postSolution
		{CF1FC902-1DC8-4804-87FE-96CD5DC287BC}.Debug|Any CPU.ActiveCfg = Debug|Any CPU
		{CF1FC902-1DC8-4804-87FE-96CD5DC287BC}.Debug|Any CPU.Build.0 = Debug|Any CPU
		{CF1FC902-1DC8-4804-87FE-96CD5DC287BC}.Release|Any CPU.ActiveCfg = Release|Any CPU
		{CF1FC902-1DC8-4804-87FE-96CD5DC287BC}.Release|Any CPU.Build.0 = Release|Any CPU
	EndGlobalSection
	GlobalSection(SolutionProperties) = preSolution
		HideSolutionNode = FALSE
	EndGlobalSection
	GlobalSection(ExtensibilityGlobals) = postSolution
		SolutionGuid = {AE89E7D7-8786-41AB-AEB3-C93D95E47ACE}
	EndGlobalSection
EndGlobal
